// !$*UTF8*$!
{
	archiveVersion = 1;
	classes = {
	};
	objectVersion = 50;
	objects = {

/* Begin PBXBuildFile section */
		5584CDE224DB94C600F922FD /* AppDelegate.swift in Sources */ = {isa = PBXBuildFile; fileRef = 5584CDE124DB94C600F922FD /* AppDelegate.swift */; };
		5584CDE424DB94C600F922FD /* art.scnassets in Resources */ = {isa = PBXBuildFile; fileRef = 5584CDE324DB94C600F922FD /* art.scnassets */; };
		5584CDE624DB94C600F922FD /* ViewController.swift in Sources */ = {isa = PBXBuildFile; fileRef = 5584CDE524DB94C600F922FD /* ViewController.swift */; };
		5584CDE924DB94C600F922FD /* Main.storyboard in Resources */ = {isa = PBXBuildFile; fileRef = 5584CDE724DB94C600F922FD /* Main.storyboard */; };
		5584CDEB24DB94C700F922FD /* Assets.xcassets in Resources */ = {isa = PBXBuildFile; fileRef = 5584CDEA24DB94C700F922FD /* Assets.xcassets */; };
		5584CDEE24DB94C700F922FD /* LaunchScreen.storyboard in Resources */ = {isa = PBXBuildFile; fileRef = 5584CDEC24DB94C700F922FD /* LaunchScreen.storyboard */; };
/* End PBXBuildFile section */

/* Begin PBXFileReference section */
		5584CDDE24DB94C600F922FD /* Moon.AR.app */ = {isa = PBXFileReference; explicitFileType = wrapper.application; includeInIndex = 0; path = Moon.AR.app; sourceTree = BUILT_PRODUCTS_DIR; };
		5584CDE124DB94C600F922FD /* AppDelegate.swift */ = {isa = PBXFileReference; lastKnownFileType = sourcecode.swift; path = AppDelegate.swift; sourceTree = "<group>"; };
		5584CDE324DB94C600F922FD /* art.scnassets */ = {isa = PBXFileReference; lastKnownFileType = wrapper.scnassets; path = art.scnassets; sourceTree = "<group>"; };
		5584CDE524DB94C600F922FD /* ViewController.swift */ = {isa = PBXFileReference; lastKnownFileType = sourcecode.swift; path = ViewController.swift; sourceTree = "<group>"; };
		5584CDE824DB94C600F922FD /* Base */ = {isa = PBXFileReference; lastKnownFileType = file.storyboard; name = Base; path = Base.lproj/Main.storyboard; sourceTree = "<group>"; };
		5584CDEA24DB94C700F922FD /* Assets.xcassets */ = {isa = PBXFileReference; lastKnownFileType = folder.assetcatalog; path = Assets.xcassets; sourceTree = "<group>"; };
		5584CDED24DB94C700F922FD /* Base */ = {isa = PBXFileReference; lastKnownFileType = file.storyboard; name = Base; path = Base.lproj/LaunchScreen.storyboard; sourceTree = "<group>"; };
		5584CDEF24DB94C700F922FD /* Info.plist */ = {isa = PBXFileReference; lastKnownFileType = text.plist.xml; path = Info.plist; sourceTree = "<group>"; };
/* End PBXFileReference section */

/* Begin PBXFrameworksBuildPhase section */
		5584CDDB24DB94C600F922FD /* Frameworks */ = {
			isa = PBXFrameworksBuildPhase;
			buildActionMask = 2147483647;
			files = (
			);
			runOnlyForDeploymentPostprocessing = 0;
		};
/* End PBXFrameworksBuildPhase section */

/* Begin PBXGroup section */
		5584CDD524DB94C600F922FD = {
			isa = PBXGroup;
			children = (
				5584CDE024DB94C600F922FD /* Moon.AR */,
				5584CDDF24DB94C600F922FD /* Products */,
			);
			sourceTree = "<group>";
		};
		5584CDDF24DB94C600F922FD /* Products */ = {
			isa = PBXGroup;
			children = (
				5584CDDE24DB94C600F922FD /* Moon.AR.app */,
			);
			name = Products;
			sourceTree = "<group>";
		};
		5584CDE024DB94C600F922FD /* Moon.AR */ = {
			isa = PBXGroup;
			children = (
				5584CDE124DB94C600F922FD /* AppDelegate.swift */,
				5584CDE324DB94C600F922FD /* art.scnassets */,
				5584CDE524DB94C600F922FD /* ViewController.swift */,
				5584CDE724DB94C600F922FD /* Main.storyboard */,
				5584CDEA24DB94C700F922FD /* Assets.xcassets */,
				5584CDEC24DB94C700F922FD /* LaunchScreen.storyboard */,
				5584CDEF24DB94C700F922FD /* Info.plist */,
			);
			path = Moon.AR;
			sourceTree = "<group>";
		};
/* End PBXGroup section */

/* Begin PBXNativeTarget section */
		5584CDDD24DB94C600F922FD /* Moon.AR */ = {
			isa = PBXNativeTarget;
			buildConfigurationList = 5584CDF224DB94C700F922FD /* Build configuration list for PBXNativeTarget "Moon.AR" */;
			buildPhases = (
				5584CDDA24DB94C600F922FD /* Sources */,
				5584CDDB24DB94C600F922FD /* Frameworks */,
				5584CDDC24DB94C600F922FD /* Resources */,
			);
			buildRules = (
			);
			dependencies = (
			);
			name = Moon.AR;
			productName = Moon.AR;
			productReference = 5584CDDE24DB94C600F922FD /* Moon.AR.app */;
			productType = "com.apple.product-type.application";
		};
/* End PBXNativeTarget section */

/* Begin PBXProject section */
		5584CDD624DB94C600F922FD /* Project object */ = {
			isa = PBXProject;
			attributes = {
				LastSwiftUpdateCheck = 1150;
				LastUpgradeCheck = 1150;
				ORGANIZATIONNAME = Edward_Li;
				TargetAttributes = {
					5584CDDD24DB94C600F922FD = {
						CreatedOnToolsVersion = 11.5;
					};
				};
			};
			buildConfigurationList = 5584CDD924DB94C600F922FD /* Build configuration list for PBXProject "Moon.AR" */;
			compatibilityVersion = "Xcode 9.3";
			developmentRegion = en;
			hasScannedForEncodings = 0;
			knownRegions = (
				en,
				Base,
			);
			mainGroup = 5584CDD524DB94C600F922FD;
			productRefGroup = 5584CDDF24DB94C600F922FD /* Products */;
			projectDirPath = "";
			projectRoot = "";
			targets = (
				5584CDDD24DB94C600F922FD /* Moon.AR */,
			);
		};
/* End PBXProject section */

/* Begin PBXResourcesBuildPhase section */
		5584CDDC24DB94C600F922FD /* Resources */ = {
			isa = PBXResourcesBuildPhase;
			buildActionMask = 2147483647;
			files = (
				5584CDE424DB94C600F922FD /* art.scnassets in Resources */,
				5584CDEE24DB94C700F922FD /* LaunchScreen.storyboard in Resources */,
				5584CDEB24DB94C700F922FD /* Assets.xcassets in Resources */,
				5584CDE924DB94C600F922FD /* Main.storyboard in Resources */,
			);
			runOnlyForDeploymentPostprocessing = 0;
		};
/* End PBXResourcesBuildPhase section */

/* Begin PBXSourcesBuildPhase section */
		5584CDDA24DB94C600F922FD /* Sources */ = {
			isa = PBXSourcesBuildPhase;
			buildActionMask = 2147483647;
			files = (
				5584CDE624DB94C600F922FD /* ViewController.swift in Sources */,
				5584CDE224DB94C600F922FD /* AppDelegate.swift in Sources */,
			);
			runOnlyForDeploymentPostprocessing = 0;
		};
/* End PBXSourcesBuildPhase section */

/* Begin PBXVariantGroup section */
		5584CDE724DB94C600F922FD /* Main.storyboard */ = {
			isa = PBXVariantGroup;
			children = (
				5584CDE824DB94C600F922FD /* Base */,
			);
			name = Main.storyboard;
			sourceTree = "<group>";
		};
		5584CDEC24DB94C700F922FD /* LaunchScreen.storyboard */ = {
			isa = PBXVariantGroup;
			children = (
				5584CDED24DB94C700F922FD /* Base */,
			);
			name = LaunchScreen.storyboard;
			sourceTree = "<group>";
		};
/* End PBXVariantGroup section */

/* Begin XCBuildConfiguration section */
		5584CDF024DB94C700F922FD /* Debug */ = {
			isa = XCBuildConfiguration;
			buildSettings = {
				ALWAYS_SEARCH_USER_PATHS = NO;
				CLANG_ANALYZER_NONNULL = YES;
				CLANG_ANALYZER_NUMBER_OBJECT_CONVERSION = YES_AGGRESSIVE;
				CLANG_CXX_LANGUAGE_STANDARD = "gnu++14";
				CLANG_CXX_LIBRARY = "libc++";
				CLANG_ENABLE_MODULES = YES;
				CLANG_ENABLE_OBJC_ARC = YES;
				CLANG_ENABLE_OBJC_WEAK = YES;
				CLANG_WARN_BLOCK_CAPTURE_AUTORELEASING = YES;
				CLANG_WARN_BOOL_CONVERSION = YES;
				CLANG_WARN_COMMA = YES;
				CLANG_WARN_CONSTANT_CONVERSION = YES;
				CLANG_WARN_DEPRECATED_OBJC_IMPLEMENTATIONS = YES;
				CLANG_WARN_DIRECT_OBJC_ISA_USAGE = YES_ERROR;
				CLANG_WARN_DOCUMENTATION_COMMENTS = YES;
				CLANG_WARN_EMPTY_BODY = YES;
				CLANG_WARN_ENUM_CONVERSION = YES;
				CLANG_WARN_INFINITE_RECURSION = YES;
				CLANG_WARN_INT_CONVERSION = YES;
				CLANG_WARN_NON_LITERAL_NULL_CONVERSION = YES;
				CLANG_WARN_OBJC_IMPLICIT_RETAIN_SELF = YES;
				CLANG_WARN_OBJC_LITERAL_CONVERSION = YES;
				CLANG_WARN_OBJC_ROOT_CLASS = YES_ERROR;
				CLANG_WARN_RANGE_LOOP_ANALYSIS = YES;
				CLANG_WARN_STRICT_PROTOTYPES = YES;
				CLANG_WARN_SUSPICIOUS_MOVE = YES;
				CLANG_WARN_UNGUARDED_AVAILABILITY = YES_AGGRESSIVE;
				CLANG_WARN_UNREACHABLE_CODE = YES;
				CLANG_WARN__DUPLICATE_METHOD_MATCH = YES;
				COPY_PHASE_STRIP = NO;
				DEBUG_INFORMATION_FORMAT = dwarf;
				ENABLE_STRICT_OBJC_MSGSEND = YES;
				ENABLE_TESTABILITY = YES;
				GCC_C_LANGUAGE_STANDARD = gnu11;
				GCC_DYNAMIC_NO_PIC = NO;
				GCC_NO_COMMON_BLOCKS = YES;
				GCC_OPTIMIZATION_LEVEL = 0;
				GCC_PREPROCESSOR_DEFINITIONS = (
					"DEBUG=1",
					"$(inherited)",
				);
				GCC_WARN_64_TO_32_BIT_CONVERSION = YES;
				GCC_WARN_ABOUT_RETURN_TYPE = YES_ERROR;
				GCC_WARN_UNDECLARED_SELECTOR = YES;
				GCC_WARN_UNINITIALIZED_AUTOS = YES_AGGRESSIVE;
				GCC_WARN_UNUSED_FUNCTION = YES;
				GCC_WARN_UNUSED_VARIABLE = YES;
				IPHONEOS_DEPLOYMENT_TARGET = 13.5;
				MTL_ENABLE_DEBUG_INFO = INCLUDE_SOURCE;
				MTL_FAST_MATH = YES;
				ONLY_ACTIVE_ARCH = YES;
				SDKROOT = iphoneos;
				SWIFT_ACTIVE_COMPILATION_CONDITIONS = DEBUG;
				SWIFT_OPTIMIZATION_LEVEL = "-Onone";
			};
			name = Debug;
		};
		5584CDF124DB94C700F922FD /* Release */ = {
			isa = XCBuildConfiguration;
			buildSettings = {
				ALWAYS_SEARCH_USER_PATHS = NO;
				CLANG_ANALYZER_NONNULL = YES;
				CLANG_ANALYZER_NUMBER_OBJECT_CONVERSION = YES_AGGRESSIVE;
				CLANG_CXX_LANGUAGE_STANDARD = "gnu++14";
				CLANG_CXX_LIBRARY = "libc++";
				CLANG_ENABLE_MODULES = YES;
				CLANG_ENABLE_OBJC_ARC = YES;
				CLANG_ENABLE_OBJC_WEAK = YES;
				CLANG_WARN_BLOCK_CAPTURE_AUTORELEASING = YES;
				CLANG_WARN_BOOL_CONVERSION = YES;
				CLANG_WARN_COMMA = YES;
				CLANG_WARN_CONSTANT_CONVERSION = YES;
				CLANG_WARN_DEPRECATED_OBJC_IMPLEMENTATIONS = YES;
				CLANG_WARN_DIRECT_OBJC_ISA_USAGE = YES_ERROR;
				CLANG_WARN_DOCUMENTATION_COMMENTS = YES;
				CLANG_WARN_EMPTY_BODY = YES;
				CLANG_WARN_ENUM_CONVERSION = YES;
				CLANG_WARN_INFINITE_RECURSION = YES;
				CLANG_WARN_INT_CONVERSION = YES;
				CLANG_WARN_NON_LITERAL_NULL_CONVERSION = YES;
				CLANG_WARN_OBJC_IMPLICIT_RETAIN_SELF = YES;
				CLANG_WARN_OBJC_LITERAL_CONVERSION = YES;
				CLANG_WARN_OBJC_ROOT_CLASS = YES_ERROR;
				CLANG_WARN_RANGE_LOOP_ANALYSIS = YES;
				CLANG_WARN_STRICT_PROTOTYPES = YES;
				CLANG_WARN_SUSPICIOUS_MOVE = YES;
				CLANG_WARN_UNGUARDED_AVAILABILITY = YES_AGGRESSIVE;
				CLANG_WARN_UNREACHABLE_CODE = YES;
				CLANG_WARN__DUPLICATE_METHOD_MATCH = YES;
				COPY_PHASE_STRIP = NO;
				DEBUG_INFORMATION_FORMAT = "dwarf-with-dsym";
				ENABLE_NS_ASSERTIONS = NO;
				ENABLE_STRICT_OBJC_MSGSEND = YES;
				GCC_C_LANGUAGE_STANDARD = gnu11;
				GCC_NO_COMMON_BLOCKS = YES;
				GCC_WARN_64_TO_32_BIT_CONVERSION = YES;
				GCC_WARN_ABOUT_RETURN_TYPE = YES_ERROR;
				GCC_WARN_UNDECLARED_SELECTOR = YES;
				GCC_WARN_UNINITIALIZED_AUTOS = YES_AGGRESSIVE;
				GCC_WARN_UNUSED_FUNCTION = YES;
				GCC_WARN_UNUSED_VARIABLE = YES;
				IPHONEOS_DEPLOYMENT_TARGET = 13.5;
				MTL_ENABLE_DEBUG_INFO = NO;
				MTL_FAST_MATH = YES;
				SDKROOT = iphoneos;
				SWIFT_COMPILATION_MODE = wholemodule;
				SWIFT_OPTIMIZATION_LEVEL = "-O";
				VALIDATE_PRODUCT = YES;
			};
			name = Release;
		};
		5584CDF324DB94C700F922FD /* Debug */ = {
			isa = XCBuildConfiguration;
			buildSettings = {
				ASSETCATALOG_COMPILER_APPICON_NAME = AppIcon;
				CODE_SIGN_STYLE = Automatic;
				DEVELOPMENT_TEAM = H4F9765S2C;
				INFOPLIST_FILE = Moon.AR/Info.plist;
				LD_RUNPATH_SEARCH_PATHS = (
					"$(inherited)",
					"@executable_path/Frameworks",
				);
				PRODUCT_BUNDLE_IDENTIFIER = "com.EdStudio.Moon-AR";
				PRODUCT_NAME = "$(TARGET_NAME)";
				SWIFT_VERSION = 5.0;
				TARGETED_DEVICE_FAMILY = "1,2";
			};
			name = Debug;
		};
		5584CDF424DB94C700F922FD /* Release */ = {
			isa = XCBuildConfiguration;
			buildSettings = {
				ASSETCATALOG_COMPILER_APPICON_NAME = AppIcon;
				CODE_SIGN_STYLE = Automatic;
				DEVELOPMENT_TEAM = H4F9765S2C;
				INFOPLIST_FILE = Moon.AR/Info.plist;
				LD_RUNPATH_SEARCH_PATHS = (
					"$(inherited)",
					"@executable_path/Frameworks",
				);
				PRODUCT_BUNDLE_IDENTIFIER = "com.EdStudio.Moon-AR";
				PRODUCT_NAME = "$(TARGET_NAME)";
				SWIFT_VERSION = 5.0;
				TARGETED_DEVICE_FAMILY = "1,2";
			};
			name = Release;
		};
/* End XCBuildConfiguration section */

/* Begin XCConfigurationList section */
		5584CDD924DB94C600F922FD /* Build configuration list for PBXProject "Moon.AR" */ = {
			isa = XCConfigurationList;
			buildConfigurations = (
				5584CDF024DB94C700F922FD /* Debug */,
				5584CDF124DB94C700F922FD /* Release */,
			);
			defaultConfigurationIsVisible = 0;
			defaultConfigurationName = Release;
		};
		5584CDF224DB94C700F922FD /* Build configuration list for PBXNativeTarget "Moon.AR" */ = {
			isa = XCConfigurationList;
			buildConfigurations = (
				5584CDF324DB94C700F922FD /* Debug */,
				5584CDF424DB94C700F922FD /* Release */,
			);
			defaultConfigurationIsVisible = 0;
			defaultConfigurationName = Release;
		};
/* End XCConfigurationList section */
	};
	rootObject = 5584CDD624DB94C600F922FD /* Project object */;
}
